
Microsoft Visual Studio Solution File, Format Version 12.00
# Visual Studio Version 17
VisualStudioVersion = 17.5.33424.131
MinimumVisualStudioVersion = 10.0.40219.1
Project("{9A19103F-16F7-4668-BE54-9A1E7A4F7556}") = "GBertolini.UsersService.API", "src\GBertolini.UsersService.API\GBertolini.UsersService.API.csproj", "{D9DBA307-E5DA-4A15-AFCD-DD12A8C7846E}"
EndProject
Project("{9A19103F-16F7-4668-BE54-9A1E7A4F7556}") = "GBertolini.UsersService.Business", "src\GBertolini.UsersService.Business\GBertolini.UsersService.Business.csproj", "{1DE95D32-5A68-4498-AAAF-073F3E380377}"
EndProject
Project("{9A19103F-16F7-4668-BE54-9A1E7A4F7556}") = "GBertolini.UsersService.DataAccess", "src\GBertolini.UsersService.DataAccess\GBertolini.UsersService.DataAccess.csproj", "{A53900CB-32DB-43D3-8ED7-02867E9C6E08}"
EndProject
Project("{9A19103F-16F7-4668-BE54-9A1E7A4F7556}") = "GBertolini.UsersService.DataAccess.UnitTests", "tests\GBertolini.UsersService.DataAccess.UnitTests\GBertolini.UsersService.DataAccess.UnitTests.csproj", "{4CFBDE0C-0282-4767-BA0F-0314926D818B}"
EndProject
Project("{2150E333-8FDC-42A3-9474-1A3956D46DE8}") = "tests", "tests", "{B4B7DBEF-9B9E-49B7-B90E-3A1C206BBB5A}"
EndProject
Project("{9A19103F-16F7-4668-BE54-9A1E7A4F7556}") = "GBertolini.UsersService.Business.UnitTests", "tests\GBertolini.UsersService.Business.UnitTests\GBertolini.UsersService.Business.UnitTests.csproj", "{C319FBB7-48BB-4EC5-9649-997374309C95}"
EndProject
Project("{9A19103F-16F7-4668-BE54-9A1E7A4F7556}") = "GBertolini.UsersService.Models", "src\GBertolini.UsersService.Models\GBertolini.UsersService.Models.csproj", "{8308B3AA-5E81-427F-8133-32FAA15B4141}"
EndProject
Project("{9A19103F-16F7-4668-BE54-9A1E7A4F7556}") = "GBertolini.UsersService.API.IntegrationTests", "tests\GBertolini.UsersService.API.IntegrationTests\GBertolini.UsersService.API.IntegrationTests.csproj", "{9FC7FFA6-2BF5-49A7-89B7-4D5B6752B386}"
EndProject
Global
	GlobalSection(SolutionConfigurationPlatforms) = preSolution
		Debug|Any CPU = Debug|Any CPU
		Release|Any CPU = Release|Any CPU
	EndGlobalSection
	GlobalSection(ProjectConfigurationPlatforms) = postSolution
		{D9DBA307-E5DA-4A15-AFCD-DD12A8C7846E}.Debug|Any CPU.ActiveCfg = Debug|Any CPU
		{D9DBA307-E5DA-4A15-AFCD-DD12A8C7846E}.Debug|Any CPU.Build.0 = Debug|Any CPU
		{D9DBA307-E5DA-4A15-AFCD-DD12A8C7846E}.Release|Any CPU.ActiveCfg = Release|Any CPU
		{D9DBA307-E5DA-4A15-AFCD-DD12A8C7846E}.Release|Any CPU.Build.0 = Release|Any CPU
		{1DE95D32-5A68-4498-AAAF-073F3E380377}.Debug|Any CPU.ActiveCfg = Debug|Any CPU
		{1DE95D32-5A68-4498-AAAF-073F3E380377}.Debug|Any CPU.Build.0 = Debug|Any CPU
		{1DE95D32-5A68-4498-AAAF-073F3E380377}.Release|Any CPU.ActiveCfg = Release|Any CPU
		{1DE95D32-5A68-4498-AAAF-073F3E380377}.Release|Any CPU.Build.0 = Release|Any CPU
		{A53900CB-32DB-43D3-8ED7-02867E9C6E08}.Debug|Any CPU.ActiveCfg = Debug|Any CPU
		{A53900CB-32DB-43D3-8ED7-02867E9C6E08}.Debug|Any CPU.Build.0 = Debug|Any CPU
		{A53900CB-32DB-43D3-8ED7-02867E9C6E08}.Release|Any CPU.ActiveCfg = Release|Any CPU
		{A53900CB-32DB-43D3-8ED7-02867E9C6E08}.Release|Any CPU.Build.0 = Release|Any CPU
		{4CFBDE0C-0282-4767-BA0F-0314926D818B}.Debug|Any CPU.ActiveCfg = Debug|Any CPU
		{4CFBDE0C-0282-4767-BA0F-0314926D818B}.Debug|Any CPU.Build.0 = Debug|Any CPU
		{4CFBDE0C-0282-4767-BA0F-0314926D818B}.Release|Any CPU.ActiveCfg = Release|Any CPU
		{4CFBDE0C-0282-4767-BA0F-0314926D818B}.Release|Any CPU.Build.0 = Release|Any CPU
		{C319FBB7-48BB-4EC5-9649-997374309C95}.Debug|Any CPU.ActiveCfg = Debug|Any CPU
		{C319FBB7-48BB-4EC5-9649-997374309C95}.Debug|Any CPU.Build.0 = Debug|Any CPU
		{C319FBB7-48BB-4EC5-9649-997374309C95}.Release|Any CPU.ActiveCfg = Release|Any CPU
		{C319FBB7-48BB-4EC5-9649-997374309C95}.Release|Any CPU.Build.0 = Release|Any CPU
		{8308B3AA-5E81-427F-8133-32FAA15B4141}.Debug|Any CPU.ActiveCfg = Debug|Any CPU
		{8308B3AA-5E81-427F-8133-32FAA15B4141}.Debug|Any CPU.Build.0 = Debug|Any CPU
		{8308B3AA-5E81-427F-8133-32FAA15B4141}.Release|Any CPU.ActiveCfg = Release|Any CPU
		{8308B3AA-5E81-427F-8133-32FAA15B4141}.Release|Any CPU.Build.0 = Release|Any CPU
		{9FC7FFA6-2BF5-49A7-89B7-4D5B6752B386}.Debug|Any CPU.ActiveCfg = Debug|Any CPU
		{9FC7FFA6-2BF5-49A7-89B7-4D5B6752B386}.Debug|Any CPU.Build.0 = Debug|Any CPU
		{9FC7FFA6-2BF5-49A7-89B7-4D5B6752B386}.Release|Any CPU.ActiveCfg = Release|Any CPU
		{9FC7FFA6-2BF5-49A7-89B7-4D5B6752B386}.Release|Any CPU.Build.0 = Release|Any CPU
	EndGlobalSection
	GlobalSection(SolutionProperties) = preSolution
		HideSolutionNode = FALSE
	EndGlobalSection
	GlobalSection(NestedProjects) = preSolution
		{4CFBDE0C-0282-4767-BA0F-0314926D818B} = {B4B7DBEF-9B9E-49B7-B90E-3A1C206BBB5A}
		{C319FBB7-48BB-4EC5-9649-997374309C95} = {B4B7DBEF-9B9E-49B7-B90E-3A1C206BBB5A}
		{9FC7FFA6-2BF5-49A7-89B7-4D5B6752B386} = {B4B7DBEF-9B9E-49B7-B90E-3A1C206BBB5A}
	EndGlobalSection
	GlobalSection(ExtensibilityGlobals) = postSolution
		SolutionGuid = {C494EA14-1BAB-4419-AB86-CD9128129926}
	EndGlobalSection
EndGlobal
